Microsoft Visual Studio Solution File, Format Version 12.00
# Visual Studio 14
Project("{8BC9CEB8-8B4A-11D0-8D11-00A0C91BC942}") = "ALL_BUILD", "ALL_BUILD.vcxproj", "{BFBFDCF3-B72B-41A4-99AD-E7E6D0329A27}"
	ProjectSection(ProjectDependencies) = postProject
		{1E8AF088-4675-490B-AED8-C7A71C5ADBD7} = {1E8AF088-4675-490B-AED8-C7A71C5ADBD7}
		{012CD9A0-D69A-425A-BC1E-991354F5C151} = {012CD9A0-D69A-425A-BC1E-991354F5C151}
		{507CE8D5-6A96-4EC0-AD78-D06F8EAA0825} = {507CE8D5-6A96-4EC0-AD78-D06F8EAA0825}
		{00F2D0F3-7BD0-41CB-9A6E-D1E1D26EC602} = {00F2D0F3-7BD0-41CB-9A6E-D1E1D26EC602}
		{06C27CDE-980A-444E-BC17-4BB34851008A} = {06C27CDE-980A-444E-BC17-4BB34851008A}
		{8E736F8D-14B4-4388-9243-BC3F5ADD755C} = {8E736F8D-14B4-4388-9243-BC3F5ADD755C}
		{F8267B4F-7064-4D2D-8AFF-F3BD7778C66F} = {F8267B4F-7064-4D2D-8AFF-F3BD7778C66F}
		{BB68C852-8D36-4C45-ABDC-2710A96B68FE} = {BB68C852-8D36-4C45-ABDC-2710A96B68FE}
		{76CF937C-B0A5-4EF7-894E-D7DD142D7F91} = {76CF937C-B0A5-4EF7-894E-D7DD142D7F91}
		{72651885-2EA7-43F0-895A-124C0B09B448} = {72651885-2EA7-43F0-895A-124C0B09B448}
		{7362E5FD-95C5-490A-A053-BC5DCF33216F} = {7362E5FD-95C5-490A-A053-BC5DCF33216F}
		{A578AF11-A304-40B5-8B58-66D559BC5669} = {A578AF11-A304-40B5-8B58-66D559BC5669}
		{A8651DFF-57AA-4123-A104-8568F4674C6C} = {A8651DFF-57AA-4123-A104-8568F4674C6C}
		{6EF0D193-2F3A-41C9-8049-899299DAF1EC} = {6EF0D193-2F3A-41C9-8049-899299DAF1EC}
		{C086EB25-452F-4523-BE51-1D0B7D74C7B7} = {C086EB25-452F-4523-BE51-1D0B7D74C7B7}
		{563E2D34-424B-4DDD-B973-10A1D28C8810} = {563E2D34-424B-4DDD-B973-10A1D28C8810}
		{EA897D5F-5FA6-4236-9F88-90F6FDDA4282} = {EA897D5F-5FA6-4236-9F88-90F6FDDA4282}
		{F3B8D99E-24A5-4072-B31D-A7824CDEA015} = {F3B8D99E-24A5-4072-B31D-A7824CDEA015}
		{0E53E196-7FE8-49BA-8B18-60725A7A201D} = {0E53E196-7FE8-49BA-8B18-60725A7A201D}
		{1A089253-BA4E-41E5-A911-78434EDCB1F7} = {1A089253-BA4E-41E5-A911-78434EDCB1F7}
		{01F981C2-B570-4E12-8175-C5762FC7A3E9} = {01F981C2-B570-4E12-8175-C5762FC7A3E9}
		{4259F386-1EC2-4DB7-955B-D72301BAF2C6} = {4259F386-1EC2-4DB7-955B-D72301BAF2C6}
		{4FE03672-77BB-4D6D-8CC3-F3F656CEE426} = {4FE03672-77BB-4D6D-8CC3-F3F656CEE426}
		{D7BA1C8C-9854-41F2-990C-EDEFC3C7D088} = {D7BA1C8C-9854-41F2-990C-EDEFC3C7D088}
		{1794B0E1-E571-4832-B0FC-20C10F15BB77} = {1794B0E1-E571-4832-B0FC-20C10F15BB77}
	EndProjectSection
EndProject
Project("{8BC9CEB8-8B4A-11D0-8D11-00A0C91BC942}") = "INSTALL", "INSTALL.vcxproj", "{79CEB4A2-8CD0-4EBD-B176-C27F6B3344ED}"
	ProjectSection(ProjectDependencies) = postProject
		{BFBFDCF3-B72B-41A4-99AD-E7E6D0329A27} = {BFBFDCF3-B72B-41A4-99AD-E7E6D0329A27}
	EndProjectSection
EndProject
Project("{8BC9CEB8-8B4A-11D0-8D11-00A0C91BC942}") = "ZERO_CHECK", "ZERO_CHECK.vcxproj", "{1E8AF088-4675-490B-AED8-C7A71C5ADBD7}"
	ProjectSection(ProjectDependencies) = postProject
	EndProjectSection
EndProject
Project("{8BC9CEB8-8B4A-11D0-8D11-00A0C91BC942}") = "boing", "examples\boing.vcxproj", "{012CD9A0-D69A-425A-BC1E-991354F5C151}"
	ProjectSection(ProjectDependencies) = postProject
		{1E8AF088-4675-490B-AED8-C7A71C5ADBD7} = {1E8AF088-4675-490B-AED8-C7A71C5ADBD7}
		{76CF937C-B0A5-4EF7-894E-D7DD142D7F91} = {76CF937C-B0A5-4EF7-894E-D7DD142D7F91}
	EndProjectSection
EndProject
Project("{8BC9CEB8-8B4A-11D0-8D11-00A0C91BC942}") = "clipboard", "tests\clipboard.vcxproj", "{507CE8D5-6A96-4EC0-AD78-D06F8EAA0825}"
	ProjectSection(ProjectDependencies) = postProject
		{1E8AF088-4675-490B-AED8-C7A71C5ADBD7} = {1E8AF088-4675-490B-AED8-C7A71C5ADBD7}
		{76CF937C-B0A5-4EF7-894E-D7DD142D7F91} = {76CF937C-B0A5-4EF7-894E-D7DD142D7F91}
	EndProjectSection
EndProject
Project("{8BC9CEB8-8B4A-11D0-8D11-00A0C91BC942}") = "cursor", "tests\cursor.vcxproj", "{00F2D0F3-7BD0-41CB-9A6E-D1E1D26EC602}"
	ProjectSection(ProjectDependencies) = postProject
		{1E8AF088-4675-490B-AED8-C7A71C5ADBD7} = {1E8AF088-4675-490B-AED8-C7A71C5ADBD7}
		{76CF937C-B0A5-4EF7-894E-D7DD142D7F91} = {76CF937C-B0A5-4EF7-894E-D7DD142D7F91}
	EndProjectSection
EndProject
Project("{8BC9CEB8-8B4A-11D0-8D11-00A0C91BC942}") = "empty", "tests\empty.vcxproj", "{06C27CDE-980A-444E-BC17-4BB34851008A}"
	ProjectSection(ProjectDependencies) = postProject
		{1E8AF088-4675-490B-AED8-C7A71C5ADBD7} = {1E8AF088-4675-490B-AED8-C7A71C5ADBD7}
		{76CF937C-B0A5-4EF7-894E-D7DD142D7F91} = {76CF937C-B0A5-4EF7-894E-D7DD142D7F91}
	EndProjectSection
EndProject
Project("{8BC9CEB8-8B4A-11D0-8D11-00A0C91BC942}") = "events", "tests\events.vcxproj", "{8E736F8D-14B4-4388-9243-BC3F5ADD755C}"
	ProjectSection(ProjectDependencies) = postProject
		{1E8AF088-4675-490B-AED8-C7A71C5ADBD7} = {1E8AF088-4675-490B-AED8-C7A71C5ADBD7}
		{76CF937C-B0A5-4EF7-894E-D7DD142D7F91} = {76CF937C-B0A5-4EF7-894E-D7DD142D7F91}
	EndProjectSection
EndProject
Project("{8BC9CEB8-8B4A-11D0-8D11-00A0C91BC942}") = "gamma", "tests\gamma.vcxproj", "{F8267B4F-7064-4D2D-8AFF-F3BD7778C66F}"
	ProjectSection(ProjectDependencies) = postProject
		{1E8AF088-4675-490B-AED8-C7A71C5ADBD7} = {1E8AF088-4675-490B-AED8-C7A71C5ADBD7}
		{76CF937C-B0A5-4EF7-894E-D7DD142D7F91} = {76CF937C-B0A5-4EF7-894E-D7DD142D7F91}
	EndProjectSection
EndProject
Project("{8BC9CEB8-8B4A-11D0-8D11-00A0C91BC942}") = "gears", "examples\gears.vcxproj", "{BB68C852-8D36-4C45-ABDC-2710A96B68FE}"
	ProjectSection(ProjectDependencies) = postProject
		{1E8AF088-4675-490B-AED8-C7A71C5ADBD7} = {1E8AF088-4675-490B-AED8-C7A71C5ADBD7}
		{76CF937C-B0A5-4EF7-894E-D7DD142D7F91} = {76CF937C-B0A5-4EF7-894E-D7DD142D7F91}
	EndProjectSection
EndProject
Project("{8BC9CEB8-8B4A-11D0-8D11-00A0C91BC942}") = "glfw", "src\glfw.vcxproj", "{76CF937C-B0A5-4EF7-894E-D7DD142D7F91}"
	ProjectSection(ProjectDependencies) = postProject
		{1E8AF088-4675-490B-AED8-C7A71C5ADBD7} = {1E8AF088-4675-490B-AED8-C7A71C5ADBD7}
	EndProjectSection
EndProject
Project("{8BC9CEB8-8B4A-11D0-8D11-00A0C91BC942}") = "glfwinfo", "tests\glfwinfo.vcxproj", "{72651885-2EA7-43F0-895A-124C0B09B448}"
	ProjectSection(ProjectDependencies) = postProject
		{1E8AF088-4675-490B-AED8-C7A71C5ADBD7} = {1E8AF088-4675-490B-AED8-C7A71C5ADBD7}
		{76CF937C-B0A5-4EF7-894E-D7DD142D7F91} = {76CF937C-B0A5-4EF7-894E-D7DD142D7F91}
	EndProjectSection
EndProject
Project("{8BC9CEB8-8B4A-11D0-8D11-00A0C91BC942}") = "heightmap", "examples\heightmap.vcxproj", "{7362E5FD-95C5-490A-A053-BC5DCF33216F}"
	ProjectSection(ProjectDependencies) = postProject
		{1E8AF088-4675-490B-AED8-C7A71C5ADBD7} = {1E8AF088-4675-490B-AED8-C7A71C5ADBD7}
		{76CF937C-B0A5-4EF7-894E-D7DD142D7F91} = {76CF937C-B0A5-4EF7-894E-D7DD142D7F91}
	EndProjectSection
EndProject
Project("{8BC9CEB8-8B4A-11D0-8D11-00A0C91BC942}") = "iconify", "tests\iconify.vcxproj", "{A578AF11-A304-40B5-8B58-66D559BC5669}"
	ProjectSection(ProjectDependencies) = postProject
		{1E8AF088-4675-490B-AED8-C7A71C5ADBD7} = {1E8AF088-4675-490B-AED8-C7A71C5ADBD7}
		{76CF937C-B0A5-4EF7-894E-D7DD142D7F91} = {76CF937C-B0A5-4EF7-894E-D7DD142D7F91}
	EndProjectSection
EndProject
Project("{8BC9CEB8-8B4A-11D0-8D11-00A0C91BC942}") = "joysticks", "tests\joysticks.vcxproj", "{A8651DFF-57AA-4123-A104-8568F4674C6C}"
	ProjectSection(ProjectDependencies) = postProject
		{1E8AF088-4675-490B-AED8-C7A71C5ADBD7} = {1E8AF088-4675-490B-AED8-C7A71C5ADBD7}
		{76CF937C-B0A5-4EF7-894E-D7DD142D7F91} = {76CF937C-B0A5-4EF7-894E-D7DD142D7F91}
	EndProjectSection
EndProject
Project("{8BC9CEB8-8B4A-11D0-8D11-00A0C91BC942}") = "monitors", "tests\monitors.vcxproj", "{6EF0D193-2F3A-41C9-8049-899299DAF1EC}"
	ProjectSection(ProjectDependencies) = postProject
		{1E8AF088-4675-490B-AED8-C7A71C5ADBD7} = {1E8AF088-4675-490B-AED8-C7A71C5ADBD7}
		{76CF937C-B0A5-4EF7-894E-D7DD142D7F91} = {76CF937C-B0A5-4EF7-894E-D7DD142D7F91}
	EndProjectSection
EndProject
Project("{8BC9CEB8-8B4A-11D0-8D11-00A0C91BC942}") = "msaa", "tests\msaa.vcxproj", "{C086EB25-452F-4523-BE51-1D0B7D74C7B7}"
	ProjectSection(ProjectDependencies) = postProject
		{1E8AF088-4675-490B-AED8-C7A71C5ADBD7} = {1E8AF088-4675-490B-AED8-C7A71C5ADBD7}
		{76CF937C-B0A5-4EF7-894E-D7DD142D7F91} = {76CF937C-B0A5-4EF7-894E-D7DD142D7F91}
	EndProjectSection
EndProject
Project("{8BC9CEB8-8B4A-11D0-8D11-00A0C91BC942}") = "particles", "examples\particles.vcxproj", "{563E2D34-424B-4DDD-B973-10A1D28C8810}"
	ProjectSection(ProjectDependencies) = postProject
		{1E8AF088-4675-490B-AED8-C7A71C5ADBD7} = {1E8AF088-4675-490B-AED8-C7A71C5ADBD7}
		{76CF937C-B0A5-4EF7-894E-D7DD142D7F91} = {76CF937C-B0A5-4EF7-894E-D7DD142D7F91}
	EndProjectSection
EndProject
Project("{8BC9CEB8-8B4A-11D0-8D11-00A0C91BC942}") = "reopen", "tests\reopen.vcxproj", "{EA897D5F-5FA6-4236-9F88-90F6FDDA4282}"
	ProjectSection(ProjectDependencies) = postProject
		{1E8AF088-4675-490B-AED8-C7A71C5ADBD7} = {1E8AF088-4675-490B-AED8-C7A71C5ADBD7}
		{76CF937C-B0A5-4EF7-894E-D7DD142D7F91} = {76CF937C-B0A5-4EF7-894E-D7DD142D7F91}
	EndProjectSection
EndProject
Project("{8BC9CEB8-8B4A-11D0-8D11-00A0C91BC942}") = "sharing", "tests\sharing.vcxproj", "{F3B8D99E-24A5-4072-B31D-A7824CDEA015}"
	ProjectSection(ProjectDependencies) = postProject
		{1E8AF088-4675-490B-AED8-C7A71C5ADBD7} = {1E8AF088-4675-490B-AED8-C7A71C5ADBD7}
		{76CF937C-B0A5-4EF7-894E-D7DD142D7F91} = {76CF937C-B0A5-4EF7-894E-D7DD142D7F91}
	EndProjectSection
EndProject
Project("{8BC9CEB8-8B4A-11D0-8D11-00A0C91BC942}") = "simple", "examples\simple.vcxproj", "{0E53E196-7FE8-49BA-8B18-60725A7A201D}"
	ProjectSection(ProjectDependencies) = postProject
		{1E8AF088-4675-490B-AED8-C7A71C5ADBD7} = {1E8AF088-4675-490B-AED8-C7A71C5ADBD7}
		{76CF937C-B0A5-4EF7-894E-D7DD142D7F91} = {76CF937C-B0A5-4EF7-894E-D7DD142D7F91}
	EndProjectSection
EndProject
Project("{8BC9CEB8-8B4A-11D0-8D11-00A0C91BC942}") = "splitview", "examples\splitview.vcxproj", "{1A089253-BA4E-41E5-A911-78434EDCB1F7}"
	ProjectSection(ProjectDependencies) = postProject
		{1E8AF088-4675-490B-AED8-C7A71C5ADBD7} = {1E8AF088-4675-490B-AED8-C7A71C5ADBD7}
		{76CF937C-B0A5-4EF7-894E-D7DD142D7F91} = {76CF937C-B0A5-4EF7-894E-D7DD142D7F91}
	EndProjectSection
EndProject
Project("{8BC9CEB8-8B4A-11D0-8D11-00A0C91BC942}") = "tearing", "tests\tearing.vcxproj", "{01F981C2-B570-4E12-8175-C5762FC7A3E9}"
	ProjectSection(ProjectDependencies) = postProject
		{1E8AF088-4675-490B-AED8-C7A71C5ADBD7} = {1E8AF088-4675-490B-AED8-C7A71C5ADBD7}
		{76CF937C-B0A5-4EF7-894E-D7DD142D7F91} = {76CF937C-B0A5-4EF7-894E-D7DD142D7F91}
	EndProjectSection
EndProject
Project("{8BC9CEB8-8B4A-11D0-8D11-00A0C91BC942}") = "threads", "tests\threads.vcxproj", "{4259F386-1EC2-4DB7-955B-D72301BAF2C6}"
	ProjectSection(ProjectDependencies) = postProject
		{1E8AF088-4675-490B-AED8-C7A71C5ADBD7} = {1E8AF088-4675-490B-AED8-C7A71C5ADBD7}
		{76CF937C-B0A5-4EF7-894E-D7DD142D7F91} = {76CF937C-B0A5-4EF7-894E-D7DD142D7F91}
	EndProjectSection
EndProject
Project("{8BC9CEB8-8B4A-11D0-8D11-00A0C91BC942}") = "title", "tests\title.vcxproj", "{4FE03672-77BB-4D6D-8CC3-F3F656CEE426}"
	ProjectSection(ProjectDependencies) = postProject
		{1E8AF088-4675-490B-AED8-C7A71C5ADBD7} = {1E8AF088-4675-490B-AED8-C7A71C5ADBD7}
		{76CF937C-B0A5-4EF7-894E-D7DD142D7F91} = {76CF937C-B0A5-4EF7-894E-D7DD142D7F91}
	EndProjectSection
EndProject
Project("{8BC9CEB8-8B4A-11D0-8D11-00A0C91BC942}") = "uninstall", "uninstall.vcxproj", "{782399FA-4157-4682-BF21-D146BCBE9D26}"
	ProjectSection(ProjectDependencies) = postProject
		{1E8AF088-4675-490B-AED8-C7A71C5ADBD7} = {1E8AF088-4675-490B-AED8-C7A71C5ADBD7}
	EndProjectSection
EndProject
Project("{8BC9CEB8-8B4A-11D0-8D11-00A0C91BC942}") = "wave", "examples\wave.vcxproj", "{D7BA1C8C-9854-41F2-990C-EDEFC3C7D088}"
	ProjectSection(ProjectDependencies) = postProject
		{1E8AF088-4675-490B-AED8-C7A71C5ADBD7} = {1E8AF088-4675-490B-AED8-C7A71C5ADBD7}
		{76CF937C-B0A5-4EF7-894E-D7DD142D7F91} = {76CF937C-B0A5-4EF7-894E-D7DD142D7F91}
	EndProjectSection
EndProject
Project("{8BC9CEB8-8B4A-11D0-8D11-00A0C91BC942}") = "windows", "tests\windows.vcxproj", "{1794B0E1-E571-4832-B0FC-20C10F15BB77}"
	ProjectSection(ProjectDependencies) = postProject
		{1E8AF088-4675-490B-AED8-C7A71C5ADBD7} = {1E8AF088-4675-490B-AED8-C7A71C5ADBD7}
		{76CF937C-B0A5-4EF7-894E-D7DD142D7F91} = {76CF937C-B0A5-4EF7-894E-D7DD142D7F91}
	EndProjectSection
EndProject
Project("{2150E333-8FDC-42A3-9474-1A3956D46DE8}") = "CMakePredefinedTargets", "CMakePredefinedTargets", "{913DB064-EC67-4791-BF89-4354EC17A649}"
EndProject
Project("{2150E333-8FDC-42A3-9474-1A3956D46DE8}") = "GLFW3", "GLFW3", "{BE5F9087-492A-41C9-A120-DEBC9888CA0A}"
EndProject
Project("{2150E333-8FDC-42A3-9474-1A3956D46DE8}") = "Examples", "GLFW3\Examples", "{9C4B5E29-AE9C-4C2F-9F2C-D8CA494EB41A}"
EndProject
Project("{2150E333-8FDC-42A3-9474-1A3956D46DE8}") = "Tests", "GLFW3\Tests", "{18605E11-5001-40D3-BA33-AC6A77243DE7}"
EndProject
Global
	GlobalSection(SolutionConfigurationPlatforms) = preSolution
		Debug|Win32 = Debug|Win32
		Release|Win32 = Release|Win32
		MinSizeRel|Win32 = MinSizeRel|Win32
		RelWithDebInfo|Win32 = RelWithDebInfo|Win32
	EndGlobalSection
	GlobalSection(ProjectConfigurationPlatforms) = postSolution
		{BFBFDCF3-B72B-41A4-99AD-E7E6D0329A27}.Debug|Win32.ActiveCfg = Debug|Win32
		{BFBFDCF3-B72B-41A4-99AD-E7E6D0329A27}.Debug|Win32.Build.0 = Debug|Win32
		{BFBFDCF3-B72B-41A4-99AD-E7E6D0329A27}.Release|Win32.ActiveCfg = Release|Win32
		{BFBFDCF3-B72B-41A4-99AD-E7E6D0329A27}.Release|Win32.Build.0 = Release|Win32
		{BFBFDCF3-B72B-41A4-99AD-E7E6D0329A27}.MinSizeRel|Win32.ActiveCfg = MinSizeRel|Win32
		{BFBFDCF3-B72B-41A4-99AD-E7E6D0329A27}.MinSizeRel|Win32.Build.0 = MinSizeRel|Win32
		{BFBFDCF3-B72B-41A4-99AD-E7E6D0329A27}.RelWithDebInfo|Win32.ActiveCfg = RelWithDebInfo|Win32
		{BFBFDCF3-B72B-41A4-99AD-E7E6D0329A27}.RelWithDebInfo|Win32.Build.0 = RelWithDebInfo|Win32
		{79CEB4A2-8CD0-4EBD-B176-C27F6B3344ED}.Debug|Win32.ActiveCfg = Debug|Win32
		{79CEB4A2-8CD0-4EBD-B176-C27F6B3344ED}.Release|Win32.ActiveCfg = Release|Win32
		{79CEB4A2-8CD0-4EBD-B176-C27F6B3344ED}.MinSizeRel|Win32.ActiveCfg = MinSizeRel|Win32
		{79CEB4A2-8CD0-4EBD-B176-C27F6B3344ED}.RelWithDebInfo|Win32.ActiveCfg = RelWithDebInfo|Win32
		{1E8AF088-4675-490B-AED8-C7A71C5ADBD7}.Debug|Win32.ActiveCfg = Debug|Win32
		{1E8AF088-4675-490B-AED8-C7A71C5ADBD7}.Debug|Win32.Build.0 = Debug|Win32
		{1E8AF088-4675-490B-AED8-C7A71C5ADBD7}.Release|Win32.ActiveCfg = Release|Win32
		{1E8AF088-4675-490B-AED8-C7A71C5ADBD7}.Release|Win32.Build.0 = Release|Win32
		{1E8AF088-4675-490B-AED8-C7A71C5ADBD7}.MinSizeRel|Win32.ActiveCfg = MinSizeRel|Win32
		{1E8AF088-4675-490B-AED8-C7A71C5ADBD7}.MinSizeRel|Win32.Build.0 = MinSizeRel|Win32
		{1E8AF088-4675-490B-AED8-C7A71C5ADBD7}.RelWithDebInfo|Win32.ActiveCfg = RelWithDebInfo|Win32
		{1E8AF088-4675-490B-AED8-C7A71C5ADBD7}.RelWithDebInfo|Win32.Build.0 = RelWithDebInfo|Win32
		{012CD9A0-D69A-425A-BC1E-991354F5C151}.Debug|Win32.ActiveCfg = Debug|Win32
		{012CD9A0-D69A-425A-BC1E-991354F5C151}.Debug|Win32.Build.0 = Debug|Win32
		{012CD9A0-D69A-425A-BC1E-991354F5C151}.Release|Win32.ActiveCfg = Release|Win32
		{012CD9A0-D69A-425A-BC1E-991354F5C151}.Release|Win32.Build.0 = Release|Win32
		{012CD9A0-D69A-425A-BC1E-991354F5C151}.MinSizeRel|Win32.ActiveCfg = MinSizeRel|Win32
		{012CD9A0-D69A-425A-BC1E-991354F5C151}.MinSizeRel|Win32.Build.0 = MinSizeRel|Win32
		{012CD9A0-D69A-425A-BC1E-991354F5C151}.RelWithDebInfo|Win32.ActiveCfg = RelWithDebInfo|Win32
		{012CD9A0-D69A-425A-BC1E-991354F5C151}.RelWithDebInfo|Win32.Build.0 = RelWithDebInfo|Win32
		{507CE8D5-6A96-4EC0-AD78-D06F8EAA0825}.Debug|Win32.ActiveCfg = Debug|Win32
		{507CE8D5-6A96-4EC0-AD78-D06F8EAA0825}.Debug|Win32.Build.0 = Debug|Win32
		{507CE8D5-6A96-4EC0-AD78-D06F8EAA0825}.Release|Win32.ActiveCfg = Release|Win32
		{507CE8D5-6A96-4EC0-AD78-D06F8EAA0825}.Release|Win32.Build.0 = Release|Win32
		{507CE8D5-6A96-4EC0-AD78-D06F8EAA0825}.MinSizeRel|Win32.ActiveCfg = MinSizeRel|Win32
		{507CE8D5-6A96-4EC0-AD78-D06F8EAA0825}.MinSizeRel|Win32.Build.0 = MinSizeRel|Win32
		{507CE8D5-6A96-4EC0-AD78-D06F8EAA0825}.RelWithDebInfo|Win32.ActiveCfg = RelWithDebInfo|Win32
		{507CE8D5-6A96-4EC0-AD78-D06F8EAA0825}.RelWithDebInfo|Win32.Build.0 = RelWithDebInfo|Win32
		{00F2D0F3-7BD0-41CB-9A6E-D1E1D26EC602}.Debug|Win32.ActiveCfg = Debug|Win32
		{00F2D0F3-7BD0-41CB-9A6E-D1E1D26EC602}.Debug|Win32.Build.0 = Debug|Win32
		{00F2D0F3-7BD0-41CB-9A6E-D1E1D26EC602}.Release|Win32.ActiveCfg = Release|Win32
		{00F2D0F3-7BD0-41CB-9A6E-D1E1D26EC602}.Release|Win32.Build.0 = Release|Win32
		{00F2D0F3-7BD0-41CB-9A6E-D1E1D26EC602}.MinSizeRel|Win32.ActiveCfg = MinSizeRel|Win32
		{00F2D0F3-7BD0-41CB-9A6E-D1E1D26EC602}.MinSizeRel|Win32.Build.0 = MinSizeRel|Win32
		{00F2D0F3-7BD0-41CB-9A6E-D1E1D26EC602}.RelWithDebInfo|Win32.ActiveCfg = RelWithDebInfo|Win32
		{00F2D0F3-7BD0-41CB-9A6E-D1E1D26EC602}.RelWithDebInfo|Win32.Build.0 = RelWithDebInfo|Win32
		{06C27CDE-980A-444E-BC17-4BB34851008A}.Debug|Win32.ActiveCfg = Debug|Win32
		{06C27CDE-980A-444E-BC17-4BB34851008A}.Debug|Win32.Build.0 = Debug|Win32
		{06C27CDE-980A-444E-BC17-4BB34851008A}.Release|Win32.ActiveCfg = Release|Win32
		{06C27CDE-980A-444E-BC17-4BB34851008A}.Release|Win32.Build.0 = Release|Win32
		{06C27CDE-980A-444E-BC17-4BB34851008A}.MinSizeRel|Win32.ActiveCfg = MinSizeRel|Win32
		{06C27CDE-980A-444E-BC17-4BB34851008A}.MinSizeRel|Win32.Build.0 = MinSizeRel|Win32
		{06C27CDE-980A-444E-BC17-4BB34851008A}.RelWithDebInfo|Win32.ActiveCfg = RelWithDebInfo|Win32
		{06C27CDE-980A-444E-BC17-4BB34851008A}.RelWithDebInfo|Win32.Build.0 = RelWithDebInfo|Win32
		{8E736F8D-14B4-4388-9243-BC3F5ADD755C}.Debug|Win32.ActiveCfg = Debug|Win32
		{8E736F8D-14B4-4388-9243-BC3F5ADD755C}.Debug|Win32.Build.0 = Debug|Win32
		{8E736F8D-14B4-4388-9243-BC3F5ADD755C}.Release|Win32.ActiveCfg = Release|Win32
		{8E736F8D-14B4-4388-9243-BC3F5ADD755C}.Release|Win32.Build.0 = Release|Win32
		{8E736F8D-14B4-4388-9243-BC3F5ADD755C}.MinSizeRel|Win32.ActiveCfg = MinSizeRel|Win32
		{8E736F8D-14B4-4388-9243-BC3F5ADD755C}.MinSizeRel|Win32.Build.0 = MinSizeRel|Win32
		{8E736F8D-14B4-4388-9243-BC3F5ADD755C}.RelWithDebInfo|Win32.ActiveCfg = RelWithDebInfo|Win32
		{8E736F8D-14B4-4388-9243-BC3F5ADD755C}.RelWithDebInfo|Win32.Build.0 = RelWithDebInfo|Win32
		{F8267B4F-7064-4D2D-8AFF-F3BD7778C66F}.Debug|Win32.ActiveCfg = Debug|Win32
		{F8267B4F-7064-4D2D-8AFF-F3BD7778C66F}.Debug|Win32.Build.0 = Debug|Win32
		{F8267B4F-7064-4D2D-8AFF-F3BD7778C66F}.Release|Win32.ActiveCfg = Release|Win32
		{F8267B4F-7064-4D2D-8AFF-F3BD7778C66F}.Release|Win32.Build.0 = Release|Win32
		{F8267B4F-7064-4D2D-8AFF-F3BD7778C66F}.MinSizeRel|Win32.ActiveCfg = MinSizeRel|Win32
		{F8267B4F-7064-4D2D-8AFF-F3BD7778C66F}.MinSizeRel|Win32.Build.0 = MinSizeRel|Win32
		{F8267B4F-7064-4D2D-8AFF-F3BD7778C66F}.RelWithDebInfo|Win32.ActiveCfg = RelWithDebInfo|Win32
		{F8267B4F-7064-4D2D-8AFF-F3BD7778C66F}.RelWithDebInfo|Win32.Build.0 = RelWithDebInfo|Win32
		{BB68C852-8D36-4C45-ABDC-2710A96B68FE}.Debug|Win32.ActiveCfg = Debug|Win32
		{BB68C852-8D36-4C45-ABDC-2710A96B68FE}.Debug|Win32.Build.0 = Debug|Win32
		{BB68C852-8D36-4C45-ABDC-2710A96B68FE}.Release|Win32.ActiveCfg = Release|Win32
		{BB68C852-8D36-4C45-ABDC-2710A96B68FE}.Release|Win32.Build.0 = Release|Win32
		{BB68C852-8D36-4C45-ABDC-2710A96B68FE}.MinSizeRel|Win32.ActiveCfg = MinSizeRel|Win32
		{BB68C852-8D36-4C45-ABDC-2710A96B68FE}.MinSizeRel|Win32.Build.0 = MinSizeRel|Win32
		{BB68C852-8D36-4C45-ABDC-2710A96B68FE}.RelWithDebInfo|Win32.ActiveCfg = RelWithDebInfo|Win32
		{BB68C852-8D36-4C45-ABDC-2710A96B68FE}.RelWithDebInfo|Win32.Build.0 = RelWithDebInfo|Win32
		{76CF937C-B0A5-4EF7-894E-D7DD142D7F91}.Debug|Win32.ActiveCfg = Debug|Win32
		{76CF937C-B0A5-4EF7-894E-D7DD142D7F91}.Debug|Win32.Build.0 = Debug|Win32
		{76CF937C-B0A5-4EF7-894E-D7DD142D7F91}.Release|Win32.ActiveCfg = Release|Win32
		{76CF937C-B0A5-4EF7-894E-D7DD142D7F91}.Release|Win32.Build.0 = Release|Win32
		{76CF937C-B0A5-4EF7-894E-D7DD142D7F91}.MinSizeRel|Win32.ActiveCfg = MinSizeRel|Win32
		{76CF937C-B0A5-4EF7-894E-D7DD142D7F91}.MinSizeRel|Win32.Build.0 = MinSizeRel|Win32
		{76CF937C-B0A5-4EF7-894E-D7DD142D7F91}.RelWithDebInfo|Win32.ActiveCfg = RelWithDebInfo|Win32
		{76CF937C-B0A5-4EF7-894E-D7DD142D7F91}.RelWithDebInfo|Win32.Build.0 = RelWithDebInfo|Win32
		{72651885-2EA7-43F0-895A-124C0B09B448}.Debug|Win32.ActiveCfg = Debug|Win32
		{72651885-2EA7-43F0-895A-124C0B09B448}.Debug|Win32.Build.0 = Debug|Win32
		{72651885-2EA7-43F0-895A-124C0B09B448}.Release|Win32.ActiveCfg = Release|Win32
		{72651885-2EA7-43F0-895A-124C0B09B448}.Release|Win32.Build.0 = Release|Win32
		{72651885-2EA7-43F0-895A-124C0B09B448}.MinSizeRel|Win32.ActiveCfg = MinSizeRel|Win32
		{72651885-2EA7-43F0-895A-124C0B09B448}.MinSizeRel|Win32.Build.0 = MinSizeRel|Win32
		{72651885-2EA7-43F0-895A-124C0B09B448}.RelWithDebInfo|Win32.ActiveCfg = RelWithDebInfo|Win32
		{72651885-2EA7-43F0-895A-124C0B09B448}.RelWithDebInfo|Win32.Build.0 = RelWithDebInfo|Win32
		{7362E5FD-95C5-490A-A053-BC5DCF33216F}.Debug|Win32.ActiveCfg = Debug|Win32
		{7362E5FD-95C5-490A-A053-BC5DCF33216F}.Debug|Win32.Build.0 = Debug|Win32
		{7362E5FD-95C5-490A-A053-BC5DCF33216F}.Release|Win32.ActiveCfg = Release|Win32
		{7362E5FD-95C5-490A-A053-BC5DCF33216F}.Release|Win32.Build.0 = Release|Win32
		{7362E5FD-95C5-490A-A053-BC5DCF33216F}.MinSizeRel|Win32.ActiveCfg = MinSizeRel|Win32
		{7362E5FD-95C5-490A-A053-BC5DCF33216F}.MinSizeRel|Win32.Build.0 = MinSizeRel|Win32
		{7362E5FD-95C5-490A-A053-BC5DCF33216F}.RelWithDebInfo|Win32.ActiveCfg = RelWithDebInfo|Win32
		{7362E5FD-95C5-490A-A053-BC5DCF33216F}.RelWithDebInfo|Win32.Build.0 = RelWithDebInfo|Win32
		{A578AF11-A304-40B5-8B58-66D559BC5669}.Debug|Win32.ActiveCfg = Debug|Win32
		{A578AF11-A304-40B5-8B58-66D559BC5669}.Debug|Win32.Build.0 = Debug|Win32
		{A578AF11-A304-40B5-8B58-66D559BC5669}.Release|Win32.ActiveCfg = Release|Win32
		{A578AF11-A304-40B5-8B58-66D559BC5669}.Release|Win32.Build.0 = Release|Win32
		{A578AF11-A304-40B5-8B58-66D559BC5669}.MinSizeRel|Win32.ActiveCfg = MinSizeRel|Win32
		{A578AF11-A304-40B5-8B58-66D559BC5669}.MinSizeRel|Win32.Build.0 = MinSizeRel|Win32
		{A578AF11-A304-40B5-8B58-66D559BC5669}.RelWithDebInfo|Win32.ActiveCfg = RelWithDebInfo|Win32
		{A578AF11-A304-40B5-8B58-66D559BC5669}.RelWithDebInfo|Win32.Build.0 = RelWithDebInfo|Win32
		{A8651DFF-57AA-4123-A104-8568F4674C6C}.Debug|Win32.ActiveCfg = Debug|Win32
		{A8651DFF-57AA-4123-A104-8568F4674C6C}.Debug|Win32.Build.0 = Debug|Win32
		{A8651DFF-57AA-4123-A104-8568F4674C6C}.Release|Win32.ActiveCfg = Release|Win32
		{A8651DFF-57AA-4123-A104-8568F4674C6C}.Release|Win32.Build.0 = Release|Win32
		{A8651DFF-57AA-4123-A104-8568F4674C6C}.MinSizeRel|Win32.ActiveCfg = MinSizeRel|Win32
		{A8651DFF-57AA-4123-A104-8568F4674C6C}.MinSizeRel|Win32.Build.0 = MinSizeRel|Win32
		{A8651DFF-57AA-4123-A104-8568F4674C6C}.RelWithDebInfo|Win32.ActiveCfg = RelWithDebInfo|Win32
		{A8651DFF-57AA-4123-A104-8568F4674C6C}.RelWithDebInfo|Win32.Build.0 = RelWithDebInfo|Win32
		{6EF0D193-2F3A-41C9-8049-899299DAF1EC}.Debug|Win32.ActiveCfg = Debug|Win32
		{6EF0D193-2F3A-41C9-8049-899299DAF1EC}.Debug|Win32.Build.0 = Debug|Win32
		{6EF0D193-2F3A-41C9-8049-899299DAF1EC}.Release|Win32.ActiveCfg = Release|Win32
		{6EF0D193-2F3A-41C9-8049-899299DAF1EC}.Release|Win32.Build.0 = Release|Win32
		{6EF0D193-2F3A-41C9-8049-899299DAF1EC}.MinSizeRel|Win32.ActiveCfg = MinSizeRel|Win32
		{6EF0D193-2F3A-41C9-8049-899299DAF1EC}.MinSizeRel|Win32.Build.0 = MinSizeRel|Win32
		{6EF0D193-2F3A-41C9-8049-899299DAF1EC}.RelWithDebInfo|Win32.ActiveCfg = RelWithDebInfo|Win32
		{6EF0D193-2F3A-41C9-8049-899299DAF1EC}.RelWithDebInfo|Win32.Build.0 = RelWithDebInfo|Win32
		{C086EB25-452F-4523-BE51-1D0B7D74C7B7}.Debug|Win32.ActiveCfg = Debug|Win32
		{C086EB25-452F-4523-BE51-1D0B7D74C7B7}.Debug|Win32.Build.0 = Debug|Win32
		{C086EB25-452F-4523-BE51-1D0B7D74C7B7}.Release|Win32.ActiveCfg = Release|Win32
		{C086EB25-452F-4523-BE51-1D0B7D74C7B7}.Release|Win32.Build.0 = Release|Win32
		{C086EB25-452F-4523-BE51-1D0B7D74C7B7}.MinSizeRel|Win32.ActiveCfg = MinSizeRel|Win32
		{C086EB25-452F-4523-BE51-1D0B7D74C7B7}.MinSizeRel|Win32.Build.0 = MinSizeRel|Win32
		{C086EB25-452F-4523-BE51-1D0B7D74C7B7}.RelWithDebInfo|Win32.ActiveCfg = RelWithDebInfo|Win32
		{C086EB25-452F-4523-BE51-1D0B7D74C7B7}.RelWithDebInfo|Win32.Build.0 = RelWithDebInfo|Win32
		{563E2D34-424B-4DDD-B973-10A1D28C8810}.Debug|Win32.ActiveCfg = Debug|Win32
		{563E2D34-424B-4DDD-B973-10A1D28C8810}.Debug|Win32.Build.0 = Debug|Win32
		{563E2D34-424B-4DDD-B973-10A1D28C8810}.Release|Win32.ActiveCfg = Release|Win32
		{563E2D34-424B-4DDD-B973-10A1D28C8810}.Release|Win32.Build.0 = Release|Win32
		{563E2D34-424B-4DDD-B973-10A1D28C8810}.MinSizeRel|Win32.ActiveCfg = MinSizeRel|Win32
		{563E2D34-424B-4DDD-B973-10A1D28C8810}.MinSizeRel|Win32.Build.0 = MinSizeRel|Win32
		{563E2D34-424B-4DDD-B973-10A1D28C8810}.RelWithDebInfo|Win32.ActiveCfg = RelWithDebInfo|Win32
		{563E2D34-424B-4DDD-B973-10A1D28C8810}.RelWithDebInfo|Win32.Build.0 = RelWithDebInfo|Win32
		{EA897D5F-5FA6-4236-9F88-90F6FDDA4282}.Debug|Win32.ActiveCfg = Debug|Win32
		{EA897D5F-5FA6-4236-9F88-90F6FDDA4282}.Debug|Win32.Build.0 = Debug|Win32
		{EA897D5F-5FA6-4236-9F88-90F6FDDA4282}.Release|Win32.ActiveCfg = Release|Win32
		{EA897D5F-5FA6-4236-9F88-90F6FDDA4282}.Release|Win32.Build.0 = Release|Win32
		{EA897D5F-5FA6-4236-9F88-90F6FDDA4282}.MinSizeRel|Win32.ActiveCfg = MinSizeRel|Win32
		{EA897D5F-5FA6-4236-9F88-90F6FDDA4282}.MinSizeRel|Win32.Build.0 = MinSizeRel|Win32
		{EA897D5F-5FA6-4236-9F88-90F6FDDA4282}.RelWithDebInfo|Win32.ActiveCfg = RelWithDebInfo|Win32
		{EA897D5F-5FA6-4236-9F88-90F6FDDA4282}.RelWithDebInfo|Win32.Build.0 = RelWithDebInfo|Win32
		{F3B8D99E-24A5-4072-B31D-A7824CDEA015}.Debug|Win32.ActiveCfg = Debug|Win32
		{F3B8D99E-24A5-4072-B31D-A7824CDEA015}.Debug|Win32.Build.0 = Debug|Win32
		{F3B8D99E-24A5-4072-B31D-A7824CDEA015}.Release|Win32.ActiveCfg = Release|Win32
		{F3B8D99E-24A5-4072-B31D-A7824CDEA015}.Release|Win32.Build.0 = Release|Win32
		{F3B8D99E-24A5-4072-B31D-A7824CDEA015}.MinSizeRel|Win32.ActiveCfg = MinSizeRel|Win32
		{F3B8D99E-24A5-4072-B31D-A7824CDEA015}.MinSizeRel|Win32.Build.0 = MinSizeRel|Win32
		{F3B8D99E-24A5-4072-B31D-A7824CDEA015}.RelWithDebInfo|Win32.ActiveCfg = RelWithDebInfo|Win32
		{F3B8D99E-24A5-4072-B31D-A7824CDEA015}.RelWithDebInfo|Win32.Build.0 = RelWithDebInfo|Win32
		{0E53E196-7FE8-49BA-8B18-60725A7A201D}.Debug|Win32.ActiveCfg = Debug|Win32
		{0E53E196-7FE8-49BA-8B18-60725A7A201D}.Debug|Win32.Build.0 = Debug|Win32
		{0E53E196-7FE8-49BA-8B18-60725A7A201D}.Release|Win32.ActiveCfg = Release|Win32
		{0E53E196-7FE8-49BA-8B18-60725A7A201D}.Release|Win32.Build.0 = Release|Win32
		{0E53E196-7FE8-49BA-8B18-60725A7A201D}.MinSizeRel|Win32.ActiveCfg = MinSizeRel|Win32
		{0E53E196-7FE8-49BA-8B18-60725A7A201D}.MinSizeRel|Win32.Build.0 = MinSizeRel|Win32
		{0E53E196-7FE8-49BA-8B18-60725A7A201D}.RelWithDebInfo|Win32.ActiveCfg = RelWithDebInfo|Win32
		{0E53E196-7FE8-49BA-8B18-60725A7A201D}.RelWithDebInfo|Win32.Build.0 = RelWithDebInfo|Win32
		{1A089253-BA4E-41E5-A911-78434EDCB1F7}.Debug|Win32.ActiveCfg = Debug|Win32
		{1A089253-BA4E-41E5-A911-78434EDCB1F7}.Debug|Win32.Build.0 = Debug|Win32
		{1A089253-BA4E-41E5-A911-78434EDCB1F7}.Release|Win32.ActiveCfg = Release|Win32
		{1A089253-BA4E-41E5-A911-78434EDCB1F7}.Release|Win32.Build.0 = Release|Win32
		{1A089253-BA4E-41E5-A911-78434EDCB1F7}.MinSizeRel|Win32.ActiveCfg = MinSizeRel|Win32
		{1A089253-BA4E-41E5-A911-78434EDCB1F7}.MinSizeRel|Win32.Build.0 = MinSizeRel|Win32
		{1A089253-BA4E-41E5-A911-78434EDCB1F7}.RelWithDebInfo|Win32.ActiveCfg = RelWithDebInfo|Win32
		{1A089253-BA4E-41E5-A911-78434EDCB1F7}.RelWithDebInfo|Win32.Build.0 = RelWithDebInfo|Win32
		{01F981C2-B570-4E12-8175-C5762FC7A3E9}.Debug|Win32.ActiveCfg = Debug|Win32
		{01F981C2-B570-4E12-8175-C5762FC7A3E9}.Debug|Win32.Build.0 = Debug|Win32
		{01F981C2-B570-4E12-8175-C5762FC7A3E9}.Release|Win32.ActiveCfg = Release|Win32
		{01F981C2-B570-4E12-8175-C5762FC7A3E9}.Release|Win32.Build.0 = Release|Win32
		{01F981C2-B570-4E12-8175-C5762FC7A3E9}.MinSizeRel|Win32.ActiveCfg = MinSizeRel|Win32
		{01F981C2-B570-4E12-8175-C5762FC7A3E9}.MinSizeRel|Win32.Build.0 = MinSizeRel|Win32
		{01F981C2-B570-4E12-8175-C5762FC7A3E9}.RelWithDebInfo|Win32.ActiveCfg = RelWithDebInfo|Win32
		{01F981C2-B570-4E12-8175-C5762FC7A3E9}.RelWithDebInfo|Win32.Build.0 = RelWithDebInfo|Win32
		{4259F386-1EC2-4DB7-955B-D72301BAF2C6}.Debug|Win32.ActiveCfg = Debug|Win32
		{4259F386-1EC2-4DB7-955B-D72301BAF2C6}.Debug|Win32.Build.0 = Debug|Win32
		{4259F386-1EC2-4DB7-955B-D72301BAF2C6}.Release|Win32.ActiveCfg = Release|Win32
		{4259F386-1EC2-4DB7-955B-D72301BAF2C6}.Release|Win32.Build.0 = Release|Win32
		{4259F386-1EC2-4DB7-955B-D72301BAF2C6}.MinSizeRel|Win32.ActiveCfg = MinSizeRel|Win32
		{4259F386-1EC2-4DB7-955B-D72301BAF2C6}.MinSizeRel|Win32.Build.0 = MinSizeRel|Win32
		{4259F386-1EC2-4DB7-955B-D72301BAF2C6}.RelWithDebInfo|Win32.ActiveCfg = RelWithDebInfo|Win32
		{4259F386-1EC2-4DB7-955B-D72301BAF2C6}.RelWithDebInfo|Win32.Build.0 = RelWithDebInfo|Win32
		{4FE03672-77BB-4D6D-8CC3-F3F656CEE426}.Debug|Win32.ActiveCfg = Debug|Win32
		{4FE03672-77BB-4D6D-8CC3-F3F656CEE426}.Debug|Win32.Build.0 = Debug|Win32
		{4FE03672-77BB-4D6D-8CC3-F3F656CEE426}.Release|Win32.ActiveCfg = Release|Win32
		{4FE03672-77BB-4D6D-8CC3-F3F656CEE426}.Release|Win32.Build.0 = Release|Win32
		{4FE03672-77BB-4D6D-8CC3-F3F656CEE426}.MinSizeRel|Win32.ActiveCfg = MinSizeRel|Win32
		{4FE03672-77BB-4D6D-8CC3-F3F656CEE426}.MinSizeRel|Win32.Build.0 = MinSizeRel|Win32
		{4FE03672-77BB-4D6D-8CC3-F3F656CEE426}.RelWithDebInfo|Win32.ActiveCfg = RelWithDebInfo|Win32
		{4FE03672-77BB-4D6D-8CC3-F3F656CEE426}.RelWithDebInfo|Win32.Build.0 = RelWithDebInfo|Win32
		{782399FA-4157-4682-BF21-D146BCBE9D26}.Debug|Win32.ActiveCfg = Debug|Win32
		{782399FA-4157-4682-BF21-D146BCBE9D26}.Release|Win32.ActiveCfg = Release|Win32
		{782399FA-4157-4682-BF21-D146BCBE9D26}.MinSizeRel|Win32.ActiveCfg = MinSizeRel|Win32
		{782399FA-4157-4682-BF21-D146BCBE9D26}.RelWithDebInfo|Win32.ActiveCfg = RelWithDebInfo|Win32
		{D7BA1C8C-9854-41F2-990C-EDEFC3C7D088}.Debug|Win32.ActiveCfg = Debug|Win32
		{D7BA1C8C-9854-41F2-990C-EDEFC3C7D088}.Debug|Win32.Build.0 = Debug|Win32
		{D7BA1C8C-9854-41F2-990C-EDEFC3C7D088}.Release|Win32.ActiveCfg = Release|Win32
		{D7BA1C8C-9854-41F2-990C-EDEFC3C7D088}.Release|Win32.Build.0 = Release|Win32
		{D7BA1C8C-9854-41F2-990C-EDEFC3C7D088}.MinSizeRel|Win32.ActiveCfg = MinSizeRel|Win32
		{D7BA1C8C-9854-41F2-990C-EDEFC3C7D088}.MinSizeRel|Win32.Build.0 = MinSizeRel|Win32
		{D7BA1C8C-9854-41F2-990C-EDEFC3C7D088}.RelWithDebInfo|Win32.ActiveCfg = RelWithDebInfo|Win32
		{D7BA1C8C-9854-41F2-990C-EDEFC3C7D088}.RelWithDebInfo|Win32.Build.0 = RelWithDebInfo|Win32
		{1794B0E1-E571-4832-B0FC-20C10F15BB77}.Debug|Win32.ActiveCfg = Debug|Win32
		{1794B0E1-E571-4832-B0FC-20C10F15BB77}.Debug|Win32.Build.0 = Debug|Win32
		{1794B0E1-E571-4832-B0FC-20C10F15BB77}.Release|Win32.ActiveCfg = Release|Win32
		{1794B0E1-E571-4832-B0FC-20C10F15BB77}.Release|Win32.Build.0 = Release|Win32
		{1794B0E1-E571-4832-B0FC-20C10F15BB77}.MinSizeRel|Win32.ActiveCfg = MinSizeRel|Win32
		{1794B0E1-E571-4832-B0FC-20C10F15BB77}.MinSizeRel|Win32.Build.0 = MinSizeRel|Win32
		{1794B0E1-E571-4832-B0FC-20C10F15BB77}.RelWithDebInfo|Win32.ActiveCfg = RelWithDebInfo|Win32
		{1794B0E1-E571-4832-B0FC-20C10F15BB77}.RelWithDebInfo|Win32.Build.0 = RelWithDebInfo|Win32
	EndGlobalSection
	GlobalSection(NestedProjects) = preSolution
		{79CEB4A2-8CD0-4EBD-B176-C27F6B3344ED} = {913DB064-EC67-4791-BF89-4354EC17A649}
		{1E8AF088-4675-490B-AED8-C7A71C5ADBD7} = {913DB064-EC67-4791-BF89-4354EC17A649}
		{9C4B5E29-AE9C-4C2F-9F2C-D8CA494EB41A} = {BE5F9087-492A-41C9-A120-DEBC9888CA0A}
		{18605E11-5001-40D3-BA33-AC6A77243DE7} = {BE5F9087-492A-41C9-A120-DEBC9888CA0A}
		{76CF937C-B0A5-4EF7-894E-D7DD142D7F91} = {BE5F9087-492A-41C9-A120-DEBC9888CA0A}
		{012CD9A0-D69A-425A-BC1E-991354F5C151} = {9C4B5E29-AE9C-4C2F-9F2C-D8CA494EB41A}
		{BB68C852-8D36-4C45-ABDC-2710A96B68FE} = {9C4B5E29-AE9C-4C2F-9F2C-D8CA494EB41A}
		{7362E5FD-95C5-490A-A053-BC5DCF33216F} = {9C4B5E29-AE9C-4C2F-9F2C-D8CA494EB41A}
		{563E2D34-424B-4DDD-B973-10A1D28C8810} = {9C4B5E29-AE9C-4C2F-9F2C-D8CA494EB41A}
		{0E53E196-7FE8-49BA-8B18-60725A7A201D} = {9C4B5E29-AE9C-4C2F-9F2C-D8CA494EB41A}
		{1A089253-BA4E-41E5-A911-78434EDCB1F7} = {9C4B5E29-AE9C-4C2F-9F2C-D8CA494EB41A}
		{D7BA1C8C-9854-41F2-990C-EDEFC3C7D088} = {9C4B5E29-AE9C-4C2F-9F2C-D8CA494EB41A}
		{507CE8D5-6A96-4EC0-AD78-D06F8EAA0825} = {18605E11-5001-40D3-BA33-AC6A77243DE7}
		{00F2D0F3-7BD0-41CB-9A6E-D1E1D26EC602} = {18605E11-5001-40D3-BA33-AC6A77243DE7}
		{06C27CDE-980A-444E-BC17-4BB34851008A} = {18605E11-5001-40D3-BA33-AC6A77243DE7}
		{8E736F8D-14B4-4388-9243-BC3F5ADD755C} = {18605E11-5001-40D3-BA33-AC6A77243DE7}
		{F8267B4F-7064-4D2D-8AFF-F3BD7778C66F} = {18605E11-5001-40D3-BA33-AC6A77243DE7}
		{72651885-2EA7-43F0-895A-124C0B09B448} = {18605E11-5001-40D3-BA33-AC6A77243DE7}
		{A578AF11-A304-40B5-8B58-66D559BC5669} = {18605E11-5001-40D3-BA33-AC6A77243DE7}
		{A8651DFF-57AA-4123-A104-8568F4674C6C} = {18605E11-5001-40D3-BA33-AC6A77243DE7}
		{6EF0D193-2F3A-41C9-8049-899299DAF1EC} = {18605E11-5001-40D3-BA33-AC6A77243DE7}
		{C086EB25-452F-4523-BE51-1D0B7D74C7B7} = {18605E11-5001-40D3-BA33-AC6A77243DE7}
		{EA897D5F-5FA6-4236-9F88-90F6FDDA4282} = {18605E11-5001-40D3-BA33-AC6A77243DE7}
		{F3B8D99E-24A5-4072-B31D-A7824CDEA015} = {18605E11-5001-40D3-BA33-AC6A77243DE7}
		{01F981C2-B570-4E12-8175-C5762FC7A3E9} = {18605E11-5001-40D3-BA33-AC6A77243DE7}
		{4259F386-1EC2-4DB7-955B-D72301BAF2C6} = {18605E11-5001-40D3-BA33-AC6A77243DE7}
		{4FE03672-77BB-4D6D-8CC3-F3F656CEE426} = {18605E11-5001-40D3-BA33-AC6A77243DE7}
		{1794B0E1-E571-4832-B0FC-20C10F15BB77} = {18605E11-5001-40D3-BA33-AC6A77243DE7}
	EndGlobalSection
	GlobalSection(ExtensibilityGlobals) = postSolution
	EndGlobalSection
	GlobalSection(ExtensibilityAddIns) = postSolution
	EndGlobalSection
EndGlobal
