<?xml version="1.0" encoding="UTF-8"?>
<Project ToolsVersion="14.0" xmlns="http://schemas.microsoft.com/developer/msbuild/2003">
  <ItemGroup>
    <CustomBuild Include="D:\Digital Arts &amp; Entertainment\Platform Development\Repository_PlatformDev\glfw\CMakeFiles\623a5cf6f132768e5fd9495ab085ad8f\INSTALL_force.rule">
      <Filter>CMake Rules</Filter>
    </CustomBuild>
  </ItemGroup>
  <ItemGroup>
    <Filter Include="CMake Rules">
      <UniqueIdentifier>{3E314288-4BF3-4A91-95C6-CC6F20CF1858}</UniqueIdentifier>
    </Filter>
  </ItemGroup>
</Project>
